
Microsoft Visual Studio Solution File, Format Version 12.00
# Visual Studio Version 16
VisualStudioVersion = 16.0.31911.196
MinimumVisualStudioVersion = 10.0.40219.1
Project("{FAE04EC0-301F-11D3-BF4B-00C04F79EFBC}") = "avrage", "avrage\avrage.csproj", "{DDA6D1E9-2802-489F-A14B-23DF7BF8CC48}"
EndProject
Global
	GlobalSection(SolutionConfigurationPlatforms) = preSolution
		Debug|Any CPU = Debug|Any CPU
		Release|Any CPU = Release|Any CPU
	EndGlobalSection
	GlobalSection(ProjectConfigurationPlatforms) = postSolution
		{DDA6D1E9-2802-489F-A14B-23DF7BF8CC48}.Debug|Any CPU.ActiveCfg = Debug|Any CPU
		{DDA6D1E9-2802-489F-A14B-23DF7BF8CC48}.Debug|Any CPU.Build.0 = Debug|Any CPU
		{DDA6D1E9-2802-489F-A14B-23DF7BF8CC48}.Release|Any CPU.ActiveCfg = Release|Any CPU
		{DDA6D1E9-2802-489F-A14B-23DF7BF8CC48}.Release|Any CPU.Build.0 = Release|Any CPU
	EndGlobalSection
	GlobalSection(SolutionProperties) = preSolution
		HideSolutionNode = FALSE
	EndGlobalSection
	GlobalSection(ExtensibilityGlobals) = postSolution
		SolutionGuid = {A4FBAA2C-FA4F-495E-B7DC-6F3E74F5A36D}
	EndGlobalSection
EndGlobal
