
Microsoft Visual Studio Solution File, Format Version 12.00
# Visual Studio Version 16
VisualStudioVersion = 16.0.31911.196
MinimumVisualStudioVersion = 10.0.40219.1
Project("{FAE04EC0-301F-11D3-BF4B-00C04F79EFBC}") = "Voter Eligibility", "Voter Eligibility\Voter Eligibility.csproj", "{8A068413-F4A2-4377-8FC9-E12BFA8C38C9}"
EndProject
Global
	GlobalSection(SolutionConfigurationPlatforms) = preSolution
		Debug|Any CPU = Debug|Any CPU
		Release|Any CPU = Release|Any CPU
	EndGlobalSection
	GlobalSection(ProjectConfigurationPlatforms) = postSolution
		{8A068413-F4A2-4377-8FC9-E12BFA8C38C9}.Debug|Any CPU.ActiveCfg = Debug|Any CPU
		{8A068413-F4A2-4377-8FC9-E12BFA8C38C9}.Debug|Any CPU.Build.0 = Debug|Any CPU
		{8A068413-F4A2-4377-8FC9-E12BFA8C38C9}.Release|Any CPU.ActiveCfg = Release|Any CPU
		{8A068413-F4A2-4377-8FC9-E12BFA8C38C9}.Release|Any CPU.Build.0 = Release|Any CPU
	EndGlobalSection
	GlobalSection(SolutionProperties) = preSolution
		HideSolutionNode = FALSE
	EndGlobalSection
	GlobalSection(ExtensibilityGlobals) = postSolution
		SolutionGuid = {9C2220F5-3C65-46EB-8BA3-71C17428011B}
	EndGlobalSection
EndGlobal
